{
  "name": "ooxml-validator-node",
  "version": "1.0.0",
  "lockfileVersion": 3,
  "requires": true,
  "packages": {
    "": {
      "name": "ooxml-validator-node",
      "version": "1.0.0",
      "dependencies": {
        "@xarsh/ooxml-validator": "^0.1.4"
      },
      "engines": {
        "node": ">=18.0.0"
      }
    },
    "node_modules/@xarsh/ooxml-validator": {
      "version": "0.1.10",
      "resolved": "https://registry.npmjs.org/@xarsh/ooxml-validator/-/ooxml-validator-0.1.10.tgz",
      "integrity": "sha512-LAcKinhGBn9/nUmo6si7GGihKbzyRyt29928RTDi0AF9OY2ftGJdKtFGxgNtpMwAfozeaTi9smNbjfLRXjUqbA==",
      "hasInstallScript": true,
      "license": "MIT",
      "bin": {
        "ooxml-validator": "dist/src/cli.js"
      },
      "engines": {
        "node": ">=18"
      }
    }
  }
}
